
Microsoft Visual Studio Solution File, Format Version 12.00
# Visual Studio Version 16
VisualStudioVersion = 16.0.31019.35
MinimumVisualStudioVersion = 10.0.40219.1
Project("{FAE04EC0-301F-11D3-BF4B-00C04F79EFBC}") = "GetSecretManager", "GetSecretManager\GetSecretManager.csproj", "{A94CD2A5-FFE7-4BB5-8C29-8EF02C798992}"
EndProject
Global
	GlobalSection(SolutionConfigurationPlatforms) = preSolution
		Debug|Any CPU = Debug|Any CPU
		Release|Any CPU = Release|Any CPU
	EndGlobalSection
	GlobalSection(ProjectConfigurationPlatforms) = postSolution
		{A94CD2A5-FFE7-4BB5-8C29-8EF02C798992}.Debug|Any CPU.ActiveCfg = Debug|Any CPU
		{A94CD2A5-FFE7-4BB5-8C29-8EF02C798992}.Debug|Any CPU.Build.0 = Debug|Any CPU
		{A94CD2A5-FFE7-4BB5-8C29-8EF02C798992}.Release|Any CPU.ActiveCfg = Release|Any CPU
		{A94CD2A5-FFE7-4BB5-8C29-8EF02C798992}.Release|Any CPU.Build.0 = Release|Any CPU
	EndGlobalSection
	GlobalSection(SolutionProperties) = preSolution
		HideSolutionNode = FALSE
	EndGlobalSection
	GlobalSection(ExtensibilityGlobals) = postSolution
		SolutionGuid = {D5EC909A-0E87-47EC-B60F-7B4DAB442B22}
	EndGlobalSection
EndGlobal
